// !$*UTF8*$!
{
	archiveVersion = 1;
	classes = {
	};
	objectVersion = 55;
	objects = {

/* Begin PBXBuildFile section */
		505F87C3290AF5F2007B7B0F /* TitleBoldView.swift in Sources */ = {isa = PBXBuildFile; fileRef = 505F87C2290AF5F2007B7B0F /* TitleBoldView.swift */; };
		505F87C7290AF84D007B7B0F /* LoadingView.swift in Sources */ = {isa = PBXBuildFile; fileRef = 505F87C6290AF84D007B7B0F /* LoadingView.swift */; };
		505F87CA290B04A5007B7B0F /* PokeApiShiny.swift in Sources */ = {isa = PBXBuildFile; fileRef = 505F87C9290B04A5007B7B0F /* PokeApiShiny.swift */; };
		505F87CC290B04E1007B7B0F /* PokemonShinyModel.swift in Sources */ = {isa = PBXBuildFile; fileRef = 505F87CB290B04E1007B7B0F /* PokemonShinyModel.swift */; };
		505F87CE290B0F7A007B7B0F /* PokemonImageLargeView.swift in Sources */ = {isa = PBXBuildFile; fileRef = 505F87CD290B0F7A007B7B0F /* PokemonImageLargeView.swift */; };
		505F87D0290B0FF0007B7B0F /* PokemonImageShinyView.swift in Sources */ = {isa = PBXBuildFile; fileRef = 505F87CF290B0FF0007B7B0F /* PokemonImageShinyView.swift */; };
		507CD561290760990043EC74 /* PokedexApp.swift in Sources */ = {isa = PBXBuildFile; fileRef = 507CD560290760990043EC74 /* PokedexApp.swift */; };
		507CD563290760990043EC74 /* HomeView.swift in Sources */ = {isa = PBXBuildFile; fileRef = 507CD562290760990043EC74 /* HomeView.swift */; };
		507CD565290760990043EC74 /* Assets.xcassets in Resources */ = {isa = PBXBuildFile; fileRef = 507CD564290760990043EC74 /* Assets.xcassets */; };
		507CD568290760990043EC74 /* Preview Assets.xcassets in Resources */ = {isa = PBXBuildFile; fileRef = 507CD567290760990043EC74 /* Preview Assets.xcassets */; };
		507CD572290760990043EC74 /* PokedexTests.swift in Sources */ = {isa = PBXBuildFile; fileRef = 507CD571290760990043EC74 /* PokedexTests.swift */; };
		507CD57C290760990043EC74 /* PokedexUITests.swift in Sources */ = {isa = PBXBuildFile; fileRef = 507CD57B290760990043EC74 /* PokedexUITests.swift */; };
		507CD57E290760990043EC74 /* PokedexUITestsLaunchTests.swift in Sources */ = {isa = PBXBuildFile; fileRef = 507CD57D290760990043EC74 /* PokedexUITestsLaunchTests.swift */; };
		507CD58D290761B80043EC74 /* PokeApiList.swift in Sources */ = {isa = PBXBuildFile; fileRef = 507CD58C290761B80043EC74 /* PokeApiList.swift */; };
		5091843E2908293300E8BAC3 /* PokemonEntryModel.swift in Sources */ = {isa = PBXBuildFile; fileRef = 5091843D2908293300E8BAC3 /* PokemonEntryModel.swift */; };
		5091845029096D4400E8BAC3 /* GetIDFromUrl.swift in Sources */ = {isa = PBXBuildFile; fileRef = 5091844F29096D4400E8BAC3 /* GetIDFromUrl.swift */; };
		509184532909807100E8BAC3 /* DetailsView.swift in Sources */ = {isa = PBXBuildFile; fileRef = 509184522909807100E8BAC3 /* DetailsView.swift */; };
		509184572909C82C00E8BAC3 /* PokeApiDetails.swift in Sources */ = {isa = PBXBuildFile; fileRef = 509184562909C82C00E8BAC3 /* PokeApiDetails.swift */; };
		509184592909CAEC00E8BAC3 /* PokemonDetailsModel.swift in Sources */ = {isa = PBXBuildFile; fileRef = 509184582909CAEC00E8BAC3 /* PokemonDetailsModel.swift */; };
		509D3D31290775060021FFFA /* PokemonImageDefaultView.swift in Sources */ = {isa = PBXBuildFile; fileRef = 509D3D30290775060021FFFA /* PokemonImageDefaultView.swift */; };
/* End PBXBuildFile section */

/* Begin PBXContainerItemProxy section */
		507CD56E290760990043EC74 /* PBXContainerItemProxy */ = {
			isa = PBXContainerItemProxy;
			containerPortal = 507CD555290760990043EC74 /* Project object */;
			proxyType = 1;
			remoteGlobalIDString = 507CD55C290760990043EC74;
			remoteInfo = Pokedex;
		};
		507CD578290760990043EC74 /* PBXContainerItemProxy */ = {
			isa = PBXContainerItemProxy;
			containerPortal = 507CD555290760990043EC74 /* Project object */;
			proxyType = 1;
			remoteGlobalIDString = 507CD55C290760990043EC74;
			remoteInfo = Pokedex;
		};
/* End PBXContainerItemProxy section */

/* Begin PBXFileReference section */
		505F87C2290AF5F2007B7B0F /* TitleBoldView.swift */ = {isa = PBXFileReference; lastKnownFileType = sourcecode.swift; path = TitleBoldView.swift; sourceTree = "<group>"; };
		505F87C6290AF84D007B7B0F /* LoadingView.swift */ = {isa = PBXFileReference; lastKnownFileType = sourcecode.swift; path = LoadingView.swift; sourceTree = "<group>"; };
		505F87C9290B04A5007B7B0F /* PokeApiShiny.swift */ = {isa = PBXFileReference; lastKnownFileType = sourcecode.swift; path = PokeApiShiny.swift; sourceTree = "<group>"; };
		505F87CB290B04E1007B7B0F /* PokemonShinyModel.swift */ = {isa = PBXFileReference; lastKnownFileType = sourcecode.swift; path = PokemonShinyModel.swift; sourceTree = "<group>"; };
		505F87CD290B0F7A007B7B0F /* PokemonImageLargeView.swift */ = {isa = PBXFileReference; lastKnownFileType = sourcecode.swift; path = PokemonImageLargeView.swift; sourceTree = "<group>"; };
		505F87CF290B0FF0007B7B0F /* PokemonImageShinyView.swift */ = {isa = PBXFileReference; lastKnownFileType = sourcecode.swift; path = PokemonImageShinyView.swift; sourceTree = "<group>"; };
		507CD55D290760990043EC74 /* Pokedex.app */ = {isa = PBXFileReference; explicitFileType = wrapper.application; includeInIndex = 0; path = Pokedex.app; sourceTree = BUILT_PRODUCTS_DIR; };
		507CD560290760990043EC74 /* PokedexApp.swift */ = {isa = PBXFileReference; lastKnownFileType = sourcecode.swift; path = PokedexApp.swift; sourceTree = "<group>"; };
		507CD562290760990043EC74 /* HomeView.swift */ = {isa = PBXFileReference; lastKnownFileType = sourcecode.swift; path = HomeView.swift; sourceTree = "<group>"; };
		507CD564290760990043EC74 /* Assets.xcassets */ = {isa = PBXFileReference; lastKnownFileType = folder.assetcatalog; path = Assets.xcassets; sourceTree = "<group>"; };
		507CD567290760990043EC74 /* Preview Assets.xcassets */ = {isa = PBXFileReference; lastKnownFileType = folder.assetcatalog; path = "Preview Assets.xcassets"; sourceTree = "<group>"; };
		507CD56D290760990043EC74 /* PokedexTests.xctest */ = {isa = PBXFileReference; explicitFileType = wrapper.cfbundle; includeInIndex = 0; path = PokedexTests.xctest; sourceTree = BUILT_PRODUCTS_DIR; };
		507CD571290760990043EC74 /* PokedexTests.swift */ = {isa = PBXFileReference; lastKnownFileType = sourcecode.swift; path = PokedexTests.swift; sourceTree = "<group>"; };
		507CD577290760990043EC74 /* PokedexUITests.xctest */ = {isa = PBXFileReference; explicitFileType = wrapper.cfbundle; includeInIndex = 0; path = PokedexUITests.xctest; sourceTree = BUILT_PRODUCTS_DIR; };
		507CD57B290760990043EC74 /* PokedexUITests.swift */ = {isa = PBXFileReference; lastKnownFileType = sourcecode.swift; path = PokedexUITests.swift; sourceTree = "<group>"; };
		507CD57D290760990043EC74 /* PokedexUITestsLaunchTests.swift */ = {isa = PBXFileReference; lastKnownFileType = sourcecode.swift; path = PokedexUITestsLaunchTests.swift; sourceTree = "<group>"; };
		507CD58C290761B80043EC74 /* PokeApiList.swift */ = {isa = PBXFileReference; lastKnownFileType = sourcecode.swift; path = PokeApiList.swift; sourceTree = "<group>"; };
		5091843D2908293300E8BAC3 /* PokemonEntryModel.swift */ = {isa = PBXFileReference; lastKnownFileType = sourcecode.swift; path = PokemonEntryModel.swift; sourceTree = "<group>"; };
		5091844F29096D4400E8BAC3 /* GetIDFromUrl.swift */ = {isa = PBXFileReference; lastKnownFileType = sourcecode.swift; path = GetIDFromUrl.swift; sourceTree = "<group>"; };
		509184522909807100E8BAC3 /* DetailsView.swift */ = {isa = PBXFileReference; lastKnownFileType = sourcecode.swift; path = DetailsView.swift; sourceTree = "<group>"; };
		509184562909C82C00E8BAC3 /* PokeApiDetails.swift */ = {isa = PBXFileReference; lastKnownFileType = sourcecode.swift; path = PokeApiDetails.swift; sourceTree = "<group>"; };
		509184582909CAEC00E8BAC3 /* PokemonDetailsModel.swift */ = {isa = PBXFileReference; lastKnownFileType = sourcecode.swift; path = PokemonDetailsModel.swift; sourceTree = "<group>"; };
		509D3D30290775060021FFFA /* PokemonImageDefaultView.swift */ = {isa = PBXFileReference; lastKnownFileType = sourcecode.swift; path = PokemonImageDefaultView.swift; sourceTree = "<group>"; };
/* End PBXFileReference section */

/* Begin PBXFrameworksBuildPhase section */
		507CD55A290760990043EC74 /* Frameworks */ = {
			isa = PBXFrameworksBuildPhase;
			buildActionMask = 2147483647;
			files = (
			);
			runOnlyForDeploymentPostprocessing = 0;
		};
		507CD56A290760990043EC74 /* Frameworks */ = {
			isa = PBXFrameworksBuildPhase;
			buildActionMask = 2147483647;
			files = (
			);
			runOnlyForDeploymentPostprocessing = 0;
		};
		507CD574290760990043EC74 /* Frameworks */ = {
			isa = PBXFrameworksBuildPhase;
			buildActionMask = 2147483647;
			files = (
			);
			runOnlyForDeploymentPostprocessing = 0;
		};
/* End PBXFrameworksBuildPhase section */

/* Begin PBXGroup section */
		507CD554290760990043EC74 = {
			isa = PBXGroup;
			children = (
				507CD55F290760990043EC74 /* Pokedex */,
				507CD570290760990043EC74 /* PokedexTests */,
				507CD57A290760990043EC74 /* PokedexUITests */,
				507CD55E290760990043EC74 /* Products */,
			);
			sourceTree = "<group>";
		};
		507CD55E290760990043EC74 /* Products */ = {
			isa = PBXGroup;
			children = (
				507CD55D290760990043EC74 /* Pokedex.app */,
				507CD56D290760990043EC74 /* PokedexTests.xctest */,
				507CD577290760990043EC74 /* PokedexUITests.xctest */,
			);
			name = Products;
			sourceTree = "<group>";
		};
		507CD55F290760990043EC74 /* Pokedex */ = {
			isa = PBXGroup;
			children = (
				5091844E29096D2900E8BAC3 /* Utils */,
				5091844D290967E200E8BAC3 /* Sources */,
				509184492909667A00E8BAC3 /* Services */,
				5091843C290828A000E8BAC3 /* Model */,
				5091843B290827B000E8BAC3 /* View */,
				507CD560290760990043EC74 /* PokedexApp.swift */,
				507CD566290760990043EC74 /* Preview Content */,
			);
			path = Pokedex;
			sourceTree = "<group>";
		};
		507CD566290760990043EC74 /* Preview Content */ = {
			isa = PBXGroup;
			children = (
				507CD567290760990043EC74 /* Preview Assets.xcassets */,
			);
			path = "Preview Content";
			sourceTree = "<group>";
		};
		507CD570290760990043EC74 /* PokedexTests */ = {
			isa = PBXGroup;
			children = (
				507CD571290760990043EC74 /* PokedexTests.swift */,
			);
			path = PokedexTests;
			sourceTree = "<group>";
		};
		507CD57A290760990043EC74 /* PokedexUITests */ = {
			isa = PBXGroup;
			children = (
				507CD57B290760990043EC74 /* PokedexUITests.swift */,
				507CD57D290760990043EC74 /* PokedexUITestsLaunchTests.swift */,
			);
			path = PokedexUITests;
			sourceTree = "<group>";
		};
		5091843B290827B000E8BAC3 /* View */ = {
			isa = PBXGroup;
			children = (
				5091844B2909675900E8BAC3 /* Shared */,
				5091844A2909673A00E8BAC3 /* Screens */,
			);
			path = View;
			sourceTree = "<group>";
		};
		5091843C290828A000E8BAC3 /* Model */ = {
			isa = PBXGroup;
			children = (
				5091843D2908293300E8BAC3 /* PokemonEntryModel.swift */,
				509184582909CAEC00E8BAC3 /* PokemonDetailsModel.swift */,
				505F87CB290B04E1007B7B0F /* PokemonShinyModel.swift */,
			);
			path = Model;
			sourceTree = "<group>";
		};
		509184492909667A00E8BAC3 /* Services */ = {
			isa = PBXGroup;
			children = (
				507CD58C290761B80043EC74 /* PokeApiList.swift */,
				509184562909C82C00E8BAC3 /* PokeApiDetails.swift */,
				505F87C9290B04A5007B7B0F /* PokeApiShiny.swift */,
			);
			path = Services;
			sourceTree = "<group>";
		};
		5091844A2909673A00E8BAC3 /* Screens */ = {
			isa = PBXGroup;
			children = (
				509184512909805500E8BAC3 /* Details */,
				5091844C2909676C00E8BAC3 /* Home */,
			);
			path = Screens;
			sourceTree = "<group>";
		};
		5091844B2909675900E8BAC3 /* Shared */ = {
			isa = PBXGroup;
			children = (
				509D3D30290775060021FFFA /* PokemonImageDefaultView.swift */,
				505F87C2290AF5F2007B7B0F /* TitleBoldView.swift */,
				505F87C6290AF84D007B7B0F /* LoadingView.swift */,
				505F87CD290B0F7A007B7B0F /* PokemonImageLargeView.swift */,
				505F87CF290B0FF0007B7B0F /* PokemonImageShinyView.swift */,
			);
			path = Shared;
			sourceTree = "<group>";
		};
		5091844C2909676C00E8BAC3 /* Home */ = {
			isa = PBXGroup;
			children = (
				507CD562290760990043EC74 /* HomeView.swift */,
			);
			path = Home;
			sourceTree = "<group>";
		};
		5091844D290967E200E8BAC3 /* Sources */ = {
			isa = PBXGroup;
			children = (
				507CD564290760990043EC74 /* Assets.xcassets */,
			);
			path = Sources;
			sourceTree = "<group>";
		};
		5091844E29096D2900E8BAC3 /* Utils */ = {
			isa = PBXGroup;
			children = (
				5091844F29096D4400E8BAC3 /* GetIDFromUrl.swift */,
			);
			path = Utils;
			sourceTree = "<group>";
		};
		509184512909805500E8BAC3 /* Details */ = {
			isa = PBXGroup;
			children = (
				509184522909807100E8BAC3 /* DetailsView.swift */,
			);
			path = Details;
			sourceTree = "<group>";
		};
/* End PBXGroup section */

/* Begin PBXNativeTarget section */
		507CD55C290760990043EC74 /* Pokedex */ = {
			isa = PBXNativeTarget;
			buildConfigurationList = 507CD581290760990043EC74 /* Build configuration list for PBXNativeTarget "Pokedex" */;
			buildPhases = (
				507CD559290760990043EC74 /* Sources */,
				507CD55A290760990043EC74 /* Frameworks */,
				507CD55B290760990043EC74 /* Resources */,
			);
			buildRules = (
			);
			dependencies = (
			);
			name = Pokedex;
			productName = Pokedex;
			productReference = 507CD55D290760990043EC74 /* Pokedex.app */;
			productType = "com.apple.product-type.application";
		};
		507CD56C290760990043EC74 /* PokedexTests */ = {
			isa = PBXNativeTarget;
			buildConfigurationList = 507CD584290760990043EC74 /* Build configuration list for PBXNativeTarget "PokedexTests" */;
			buildPhases = (
				507CD569290760990043EC74 /* Sources */,
				507CD56A290760990043EC74 /* Frameworks */,
				507CD56B290760990043EC74 /* Resources */,
			);
			buildRules = (
			);
			dependencies = (
				507CD56F290760990043EC74 /* PBXTargetDependency */,
			);
			name = PokedexTests;
			productName = PokedexTests;
			productReference = 507CD56D290760990043EC74 /* PokedexTests.xctest */;
			productType = "com.apple.product-type.bundle.unit-test";
		};
		507CD576290760990043EC74 /* PokedexUITests */ = {
			isa = PBXNativeTarget;
			buildConfigurationList = 507CD587290760990043EC74 /* Build configuration list for PBXNativeTarget "PokedexUITests" */;
			buildPhases = (
				507CD573290760990043EC74 /* Sources */,
				507CD574290760990043EC74 /* Frameworks */,
				507CD575290760990043EC74 /* Resources */,
			);
			buildRules = (
			);
			dependencies = (
				507CD579290760990043EC74 /* PBXTargetDependency */,
			);
			name = PokedexUITests;
			productName = PokedexUITests;
			productReference = 507CD577290760990043EC74 /* PokedexUITests.xctest */;
			productType = "com.apple.product-type.bundle.ui-testing";
		};
/* End PBXNativeTarget section */

/* Begin PBXProject section */
		507CD555290760990043EC74 /* Project object */ = {
			isa = PBXProject;
			attributes = {
				BuildIndependentTargetsInParallel = 1;
				LastSwiftUpdateCheck = 1340;
				LastUpgradeCheck = 1340;
				TargetAttributes = {
					507CD55C290760990043EC74 = {
						CreatedOnToolsVersion = 13.4.1;
					};
					507CD56C290760990043EC74 = {
						CreatedOnToolsVersion = 13.4.1;
						TestTargetID = 507CD55C290760990043EC74;
					};
					507CD576290760990043EC74 = {
						CreatedOnToolsVersion = 13.4.1;
						TestTargetID = 507CD55C290760990043EC74;
					};
				};
			};
			buildConfigurationList = 507CD558290760990043EC74 /* Build configuration list for PBXProject "Pokedex" */;
			compatibilityVersion = "Xcode 13.0";
			developmentRegion = en;
			hasScannedForEncodings = 0;
			knownRegions = (
				en,
				Base,
			);
			mainGroup = 507CD554290760990043EC74;
			productRefGroup = 507CD55E290760990043EC74 /* Products */;
			projectDirPath = "";
			projectRoot = "";
			targets = (
				507CD55C290760990043EC74 /* Pokedex */,
				507CD56C290760990043EC74 /* PokedexTests */,
				507CD576290760990043EC74 /* PokedexUITests */,
			);
		};
/* End PBXProject section */

/* Begin PBXResourcesBuildPhase section */
		507CD55B290760990043EC74 /* Resources */ = {
			isa = PBXResourcesBuildPhase;
			buildActionMask = 2147483647;
			files = (
				507CD568290760990043EC74 /* Preview Assets.xcassets in Resources */,
				507CD565290760990043EC74 /* Assets.xcassets in Resources */,
			);
			runOnlyForDeploymentPostprocessing = 0;
		};
		507CD56B290760990043EC74 /* Resources */ = {
			isa = PBXResourcesBuildPhase;
			buildActionMask = 2147483647;
			files = (
			);
			runOnlyForDeploymentPostprocessing = 0;
		};
		507CD575290760990043EC74 /* Resources */ = {
			isa = PBXResourcesBuildPhase;
			buildActionMask = 2147483647;
			files = (
			);
			runOnlyForDeploymentPostprocessing = 0;
		};
/* End PBXResourcesBuildPhase section */

/* Begin PBXSourcesBuildPhase section */
		507CD559290760990043EC74 /* Sources */ = {
			isa = PBXSourcesBuildPhase;
			buildActionMask = 2147483647;
			files = (
				507CD563290760990043EC74 /* HomeView.swift in Sources */,
				505F87D0290B0FF0007B7B0F /* PokemonImageShinyView.swift in Sources */,
				505F87CA290B04A5007B7B0F /* PokeApiShiny.swift in Sources */,
				509184532909807100E8BAC3 /* DetailsView.swift in Sources */,
				509D3D31290775060021FFFA /* PokemonImageDefaultView.swift in Sources */,
				505F87C7290AF84D007B7B0F /* LoadingView.swift in Sources */,
				505F87CE290B0F7A007B7B0F /* PokemonImageLargeView.swift in Sources */,
				505F87CC290B04E1007B7B0F /* PokemonShinyModel.swift in Sources */,
				5091843E2908293300E8BAC3 /* PokemonEntryModel.swift in Sources */,
				505F87C3290AF5F2007B7B0F /* TitleBoldView.swift in Sources */,
				507CD561290760990043EC74 /* PokedexApp.swift in Sources */,
				507CD58D290761B80043EC74 /* PokeApiList.swift in Sources */,
				509184572909C82C00E8BAC3 /* PokeApiDetails.swift in Sources */,
				509184592909CAEC00E8BAC3 /* PokemonDetailsModel.swift in Sources */,
				5091845029096D4400E8BAC3 /* GetIDFromUrl.swift in Sources */,
			);
			runOnlyForDeploymentPostprocessing = 0;
		};
		507CD569290760990043EC74 /* Sources */ = {
			isa = PBXSourcesBuildPhase;
			buildActionMask = 2147483647;
			files = (
				507CD572290760990043EC74 /* PokedexTests.swift in Sources */,
			);
			runOnlyForDeploymentPostprocessing = 0;
		};
		507CD573290760990043EC74 /* Sources */ = {
			isa = PBXSourcesBuildPhase;
			buildActionMask = 2147483647;
			files = (
				507CD57C290760990043EC74 /* PokedexUITests.swift in Sources */,
				507CD57E290760990043EC74 /* PokedexUITestsLaunchTests.swift in Sources */,
			);
			runOnlyForDeploymentPostprocessing = 0;
		};
/* End PBXSourcesBuildPhase section */

/* Begin PBXTargetDependency section */
		507CD56F290760990043EC74 /* PBXTargetDependency */ = {
			isa = PBXTargetDependency;
			target = 507CD55C290760990043EC74 /* Pokedex */;
			targetProxy = 507CD56E290760990043EC74 /* PBXContainerItemProxy */;
		};
		507CD579290760990043EC74 /* PBXTargetDependency */ = {
			isa = PBXTargetDependency;
			target = 507CD55C290760990043EC74 /* Pokedex */;
			targetProxy = 507CD578290760990043EC74 /* PBXContainerItemProxy */;
		};
/* End PBXTargetDependency section */

/* Begin XCBuildConfiguration section */
		507CD57F290760990043EC74 /* Debug */ = {
			isa = XCBuildConfiguration;
			buildSettings = {
				ALWAYS_SEARCH_USER_PATHS = NO;
				CLANG_ANALYZER_NONNULL = YES;
				CLANG_ANALYZER_NUMBER_OBJECT_CONVERSION = YES_AGGRESSIVE;
				CLANG_CXX_LANGUAGE_STANDARD = "gnu++17";
				CLANG_ENABLE_MODULES = YES;
				CLANG_ENABLE_OBJC_ARC = YES;
				CLANG_ENABLE_OBJC_WEAK = YES;
				CLANG_WARN_BLOCK_CAPTURE_AUTORELEASING = YES;
				CLANG_WARN_BOOL_CONVERSION = YES;
				CLANG_WARN_COMMA = YES;
				CLANG_WARN_CONSTANT_CONVERSION = YES;
				CLANG_WARN_DEPRECATED_OBJC_IMPLEMENTATIONS = YES;
				CLANG_WARN_DIRECT_OBJC_ISA_USAGE = YES_ERROR;
				CLANG_WARN_DOCUMENTATION_COMMENTS = YES;
				CLANG_WARN_EMPTY_BODY = YES;
				CLANG_WARN_ENUM_CONVERSION = YES;
				CLANG_WARN_INFINITE_RECURSION = YES;
				CLANG_WARN_INT_CONVERSION = YES;
				CLANG_WARN_NON_LITERAL_NULL_CONVERSION = YES;
				CLANG_WARN_OBJC_IMPLICIT_RETAIN_SELF = YES;
				CLANG_WARN_OBJC_LITERAL_CONVERSION = YES;
				CLANG_WARN_OBJC_ROOT_CLASS = YES_ERROR;
				CLANG_WARN_QUOTED_INCLUDE_IN_FRAMEWORK_HEADER = YES;
				CLANG_WARN_RANGE_LOOP_ANALYSIS = YES;
				CLANG_WARN_STRICT_PROTOTYPES = YES;
				CLANG_WARN_SUSPICIOUS_MOVE = YES;
				CLANG_WARN_UNGUARDED_AVAILABILITY = YES_AGGRESSIVE;
				CLANG_WARN_UNREACHABLE_CODE = YES;
				CLANG_WARN__DUPLICATE_METHOD_MATCH = YES;
				COPY_PHASE_STRIP = NO;
				DEBUG_INFORMATION_FORMAT = dwarf;
				ENABLE_STRICT_OBJC_MSGSEND = YES;
				ENABLE_TESTABILITY = YES;
				GCC_C_LANGUAGE_STANDARD = gnu11;
				GCC_DYNAMIC_NO_PIC = NO;
				GCC_NO_COMMON_BLOCKS = YES;
				GCC_OPTIMIZATION_LEVEL = 0;
				GCC_PREPROCESSOR_DEFINITIONS = (
					"DEBUG=1",
					"$(inherited)",
				);
				GCC_WARN_64_TO_32_BIT_CONVERSION = YES;
				GCC_WARN_ABOUT_RETURN_TYPE = YES_ERROR;
				GCC_WARN_UNDECLARED_SELECTOR = YES;
				GCC_WARN_UNINITIALIZED_AUTOS = YES_AGGRESSIVE;
				GCC_WARN_UNUSED_FUNCTION = YES;
				GCC_WARN_UNUSED_VARIABLE = YES;
				IPHONEOS_DEPLOYMENT_TARGET = 15.5;
				MTL_ENABLE_DEBUG_INFO = INCLUDE_SOURCE;
				MTL_FAST_MATH = YES;
				ONLY_ACTIVE_ARCH = YES;
				SDKROOT = iphoneos;
				SWIFT_ACTIVE_COMPILATION_CONDITIONS = DEBUG;
				SWIFT_OPTIMIZATION_LEVEL = "-Onone";
			};
			name = Debug;
		};
		507CD580290760990043EC74 /* Release */ = {
			isa = XCBuildConfiguration;
			buildSettings = {
				ALWAYS_SEARCH_USER_PATHS = NO;
				CLANG_ANALYZER_NONNULL = YES;
				CLANG_ANALYZER_NUMBER_OBJECT_CONVERSION = YES_AGGRESSIVE;
				CLANG_CXX_LANGUAGE_STANDARD = "gnu++17";
				CLANG_ENABLE_MODULES = YES;
				CLANG_ENABLE_OBJC_ARC = YES;
				CLANG_ENABLE_OBJC_WEAK = YES;
				CLANG_WARN_BLOCK_CAPTURE_AUTORELEASING = YES;
				CLANG_WARN_BOOL_CONVERSION = YES;
				CLANG_WARN_COMMA = YES;
				CLANG_WARN_CONSTANT_CONVERSION = YES;
				CLANG_WARN_DEPRECATED_OBJC_IMPLEMENTATIONS = YES;
				CLANG_WARN_DIRECT_OBJC_ISA_USAGE = YES_ERROR;
				CLANG_WARN_DOCUMENTATION_COMMENTS = YES;
				CLANG_WARN_EMPTY_BODY = YES;
				CLANG_WARN_ENUM_CONVERSION = YES;
				CLANG_WARN_INFINITE_RECURSION = YES;
				CLANG_WARN_INT_CONVERSION = YES;
				CLANG_WARN_NON_LITERAL_NULL_CONVERSION = YES;
				CLANG_WARN_OBJC_IMPLICIT_RETAIN_SELF = YES;
				CLANG_WARN_OBJC_LITERAL_CONVERSION = YES;
				CLANG_WARN_OBJC_ROOT_CLASS = YES_ERROR;
				CLANG_WARN_QUOTED_INCLUDE_IN_FRAMEWORK_HEADER = YES;
				CLANG_WARN_RANGE_LOOP_ANALYSIS = YES;
				CLANG_WARN_STRICT_PROTOTYPES = YES;
				CLANG_WARN_SUSPICIOUS_MOVE = YES;
				CLANG_WARN_UNGUARDED_AVAILABILITY = YES_AGGRESSIVE;
				CLANG_WARN_UNREACHABLE_CODE = YES;
				CLANG_WARN__DUPLICATE_METHOD_MATCH = YES;
				COPY_PHASE_STRIP = NO;
				DEBUG_INFORMATION_FORMAT = "dwarf-with-dsym";
				ENABLE_NS_ASSERTIONS = NO;
				ENABLE_STRICT_OBJC_MSGSEND = YES;
				GCC_C_LANGUAGE_STANDARD = gnu11;
				GCC_NO_COMMON_BLOCKS = YES;
				GCC_WARN_64_TO_32_BIT_CONVERSION = YES;
				GCC_WARN_ABOUT_RETURN_TYPE = YES_ERROR;
				GCC_WARN_UNDECLARED_SELECTOR = YES;
				GCC_WARN_UNINITIALIZED_AUTOS = YES_AGGRESSIVE;
				GCC_WARN_UNUSED_FUNCTION = YES;
				GCC_WARN_UNUSED_VARIABLE = YES;
				IPHONEOS_DEPLOYMENT_TARGET = 15.5;
				MTL_ENABLE_DEBUG_INFO = NO;
				MTL_FAST_MATH = YES;
				SDKROOT = iphoneos;
				SWIFT_COMPILATION_MODE = wholemodule;
				SWIFT_OPTIMIZATION_LEVEL = "-O";
				VALIDATE_PRODUCT = YES;
			};
			name = Release;
		};
		507CD582290760990043EC74 /* Debug */ = {
			isa = XCBuildConfiguration;
			buildSettings = {
				ASSETCATALOG_COMPILER_APPICON_NAME = AppIcon;
				ASSETCATALOG_COMPILER_GLOBAL_ACCENT_COLOR_NAME = AccentColor;
				CODE_SIGN_STYLE = Automatic;
				CURRENT_PROJECT_VERSION = 1;
				DEVELOPMENT_ASSET_PATHS = "\"Pokedex/Preview Content\"";
				ENABLE_PREVIEWS = YES;
				GENERATE_INFOPLIST_FILE = YES;
				INFOPLIST_KEY_UIApplicationSceneManifest_Generation = YES;
				INFOPLIST_KEY_UIApplicationSupportsIndirectInputEvents = YES;
				INFOPLIST_KEY_UILaunchScreen_Generation = YES;
				INFOPLIST_KEY_UISupportedInterfaceOrientations_iPad = "UIInterfaceOrientationPortrait UIInterfaceOrientationPortraitUpsideDown UIInterfaceOrientationLandscapeLeft UIInterfaceOrientationLandscapeRight";
				INFOPLIST_KEY_UISupportedInterfaceOrientations_iPhone = "UIInterfaceOrientationPortrait UIInterfaceOrientationLandscapeLeft UIInterfaceOrientationLandscapeRight";
				LD_RUNPATH_SEARCH_PATHS = (
					"$(inherited)",
					"@executable_path/Frameworks",
				);
				MARKETING_VERSION = 1.0;
				PRODUCT_BUNDLE_IDENTIFIER = com.cyberkaidev.Pokedex;
				PRODUCT_NAME = "$(TARGET_NAME)";
				SWIFT_EMIT_LOC_STRINGS = YES;
				SWIFT_VERSION = 5.0;
				TARGETED_DEVICE_FAMILY = "1,2";
			};
			name = Debug;
		};
		507CD583290760990043EC74 /* Release */ = {
			isa = XCBuildConfiguration;
			buildSettings = {
				ASSETCATALOG_COMPILER_APPICON_NAME = AppIcon;
				ASSETCATALOG_COMPILER_GLOBAL_ACCENT_COLOR_NAME = AccentColor;
				CODE_SIGN_STYLE = Automatic;
				CURRENT_PROJECT_VERSION = 1;
				DEVELOPMENT_ASSET_PATHS = "\"Pokedex/Preview Content\"";
				ENABLE_PREVIEWS = YES;
				GENERATE_INFOPLIST_FILE = YES;
				INFOPLIST_KEY_UIApplicationSceneManifest_Generation = YES;
				INFOPLIST_KEY_UIApplicationSupportsIndirectInputEvents = YES;
				INFOPLIST_KEY_UILaunchScreen_Generation = YES;
				INFOPLIST_KEY_UISupportedInterfaceOrientations_iPad = "UIInterfaceOrientationPortrait UIInterfaceOrientationPortraitUpsideDown UIInterfaceOrientationLandscapeLeft UIInterfaceOrientationLandscapeRight";
				INFOPLIST_KEY_UISupportedInterfaceOrientations_iPhone = "UIInterfaceOrientationPortrait UIInterfaceOrientationLandscapeLeft UIInterfaceOrientationLandscapeRight";
				LD_RUNPATH_SEARCH_PATHS = (
					"$(inherited)",
					"@executable_path/Frameworks",
				);
				MARKETING_VERSION = 1.0;
				PRODUCT_BUNDLE_IDENTIFIER = com.cyberkaidev.Pokedex;
				PRODUCT_NAME = "$(TARGET_NAME)";
				SWIFT_EMIT_LOC_STRINGS = YES;
				SWIFT_VERSION = 5.0;
				TARGETED_DEVICE_FAMILY = "1,2";
			};
			name = Release;
		};
		507CD585290760990043EC74 /* Debug */ = {
			isa = XCBuildConfiguration;
			buildSettings = {
				ALWAYS_EMBED_SWIFT_STANDARD_LIBRARIES = YES;
				BUNDLE_LOADER = "$(TEST_HOST)";
				CODE_SIGN_STYLE = Automatic;
				CURRENT_PROJECT_VERSION = 1;
				GENERATE_INFOPLIST_FILE = YES;
				IPHONEOS_DEPLOYMENT_TARGET = 15.5;
				MARKETING_VERSION = 1.0;
				PRODUCT_BUNDLE_IDENTIFIER = com.cyberkaidev.PokedexTests;
				PRODUCT_NAME = "$(TARGET_NAME)";
				SWIFT_EMIT_LOC_STRINGS = NO;
				SWIFT_VERSION = 5.0;
				TARGETED_DEVICE_FAMILY = "1,2";
				TEST_HOST = "$(BUILT_PRODUCTS_DIR)/Pokedex.app/Pokedex";
			};
			name = Debug;
		};
		507CD586290760990043EC74 /* Release */ = {
			isa = XCBuildConfiguration;
			buildSettings = {
				ALWAYS_EMBED_SWIFT_STANDARD_LIBRARIES = YES;
				BUNDLE_LOADER = "$(TEST_HOST)";
				CODE_SIGN_STYLE = Automatic;
				CURRENT_PROJECT_VERSION = 1;
				GENERATE_INFOPLIST_FILE = YES;
				IPHONEOS_DEPLOYMENT_TARGET = 15.5;
				MARKETING_VERSION = 1.0;
				PRODUCT_BUNDLE_IDENTIFIER = com.cyberkaidev.PokedexTests;
				PRODUCT_NAME = "$(TARGET_NAME)";
				SWIFT_EMIT_LOC_STRINGS = NO;
				SWIFT_VERSION = 5.0;
				TARGETED_DEVICE_FAMILY = "1,2";
				TEST_HOST = "$(BUILT_PRODUCTS_DIR)/Pokedex.app/Pokedex";
			};
			name = Release;
		};
		507CD588290760990043EC74 /* Debug */ = {
			isa = XCBuildConfiguration;
			buildSettings = {
				ALWAYS_EMBED_SWIFT_STANDARD_LIBRARIES = YES;
				CODE_SIGN_STYLE = Automatic;
				CURRENT_PROJECT_VERSION = 1;
				GENERATE_INFOPLIST_FILE = YES;
				MARKETING_VERSION = 1.0;
				PRODUCT_BUNDLE_IDENTIFIER = com.cyberkaidev.PokedexUITests;
				PRODUCT_NAME = "$(TARGET_NAME)";
				SWIFT_EMIT_LOC_STRINGS = NO;
				SWIFT_VERSION = 5.0;
				TARGETED_DEVICE_FAMILY = "1,2";
				TEST_TARGET_NAME = Pokedex;
			};
			name = Debug;
		};
		507CD589290760990043EC74 /* Release */ = {
			isa = XCBuildConfiguration;
			buildSettings = {
				ALWAYS_EMBED_SWIFT_STANDARD_LIBRARIES = YES;
				CODE_SIGN_STYLE = Automatic;
				CURRENT_PROJECT_VERSION = 1;
				GENERATE_INFOPLIST_FILE = YES;
				MARKETING_VERSION = 1.0;
				PRODUCT_BUNDLE_IDENTIFIER = com.cyberkaidev.PokedexUITests;
				PRODUCT_NAME = "$(TARGET_NAME)";
				SWIFT_EMIT_LOC_STRINGS = NO;
				SWIFT_VERSION = 5.0;
				TARGETED_DEVICE_FAMILY = "1,2";
				TEST_TARGET_NAME = Pokedex;
			};
			name = Release;
		};
/* End XCBuildConfiguration section */

/* Begin XCConfigurationList section */
		507CD558290760990043EC74 /* Build configuration list for PBXProject "Pokedex" */ = {
			isa = XCConfigurationList;
			buildConfigurations = (
				507CD57F290760990043EC74 /* Debug */,
				507CD580290760990043EC74 /* Release */,
			);
			defaultConfigurationIsVisible = 0;
			defaultConfigurationName = Release;
		};
		507CD581290760990043EC74 /* Build configuration list for PBXNativeTarget "Pokedex" */ = {
			isa = XCConfigurationList;
			buildConfigurations = (
				507CD582290760990043EC74 /* Debug */,
				507CD583290760990043EC74 /* Release */,
			);
			defaultConfigurationIsVisible = 0;
			defaultConfigurationName = Release;
		};
		507CD584290760990043EC74 /* Build configuration list for PBXNativeTarget "PokedexTests" */ = {
			isa = XCConfigurationList;
			buildConfigurations = (
				507CD585290760990043EC74 /* Debug */,
				507CD586290760990043EC74 /* Release */,
			);
			defaultConfigurationIsVisible = 0;
			defaultConfigurationName = Release;
		};
		507CD587290760990043EC74 /* Build configuration list for PBXNativeTarget "PokedexUITests" */ = {
			isa = XCConfigurationList;
			buildConfigurations = (
				507CD588290760990043EC74 /* Debug */,
				507CD589290760990043EC74 /* Release */,
			);
			defaultConfigurationIsVisible = 0;
			defaultConfigurationName = Release;
		};
/* End XCConfigurationList section */
	};
	rootObject = 507CD555290760990043EC74 /* Project object */;
}
